PODS:
  - Best-iOS-KTP-OCR (1.0.0)
  - bestktpocrflutter (0.0.1):
    - Best-iOS-KTP-OCR (= 1.0.0)
    - Flutter
  - Flutter (1.0.0)
  - integration_test (0.0.1):
    - Flutter

DEPENDENCIES:
  - bestktpocrflutter (from `.symlinks/plugins/bestktpocrflutter/ios`)
  - Flutter (from `Flutter`)
  - integration_test (from `.symlinks/plugins/integration_test/ios`)

SPEC REPOS:
  trunk:
    - Best-iOS-KTP-OCR

EXTERNAL SOURCES:
  bestktpocrflutter:
    :path: ".symlinks/plugins/bestktpocrflutter/ios"
  Flutter:
    :path: Flutter
  integration_test:
    :path: ".symlinks/plugins/integration_test/ios"

SPEC CHECKSUMS:
  Best-iOS-KTP-OCR: b512c837e29ddc42d2ce43f60e48a672ed3371cb
  bestktpocrflutter: 608990b8fbd3174da346992bf1ba4f0e59d4d228
  Flutter: f04841e97a9d0b0a8025694d0796dd46242b2854
  integration_test: 13825b8a9334a850581300559b8839134b124670

PODFILE CHECKSUM: 4f1c12611da7338d21589c0b2ecd6bd20b109694

COCOAPODS: 1.15.2
